// !$*UTF8*$!
{
	archiveVersion = 1;
	classes = {
	};
	objectVersion = 56;
	objects = {

/* Begin PBXBuildFile section */
		500B154C298D6FF600DCB595 /* NetworkService.swift in Sources */ = {isa = PBXBuildFile; fileRef = 500B154B298D6FF600DCB595 /* NetworkService.swift */; };
		500B154F298D7C1C00DCB595 /* CommentNetworkServices.swift in Sources */ = {isa = PBXBuildFile; fileRef = 500B154E298D7C1C00DCB595 /* CommentNetworkServices.swift */; };
		500B1551298D7D7300DCB595 /* GetCommentResponse.swift in Sources */ = {isa = PBXBuildFile; fileRef = 500B1550298D7D7300DCB595 /* GetCommentResponse.swift */; };
		50A36C2B298A9D2100ACF5CB /* AppDelegate.swift in Sources */ = {isa = PBXBuildFile; fileRef = 50A36C2A298A9D2100ACF5CB /* AppDelegate.swift */; };
		50A36C2D298A9D2100ACF5CB /* SceneDelegate.swift in Sources */ = {isa = PBXBuildFile; fileRef = 50A36C2C298A9D2100ACF5CB /* SceneDelegate.swift */; };
		50A36C2F298A9D2100ACF5CB /* CommentsViewController.swift in Sources */ = {isa = PBXBuildFile; fileRef = 50A36C2E298A9D2100ACF5CB /* CommentsViewController.swift */; };
		50A36C32298A9D2100ACF5CB /* Comments.storyboard in Resources */ = {isa = PBXBuildFile; fileRef = 50A36C30298A9D2100ACF5CB /* Comments.storyboard */; };
		50A36C34298A9D2300ACF5CB /* Assets.xcassets in Resources */ = {isa = PBXBuildFile; fileRef = 50A36C33298A9D2300ACF5CB /* Assets.xcassets */; };
		50A36C37298A9D2300ACF5CB /* LaunchScreen.storyboard in Resources */ = {isa = PBXBuildFile; fileRef = 50A36C35298A9D2300ACF5CB /* LaunchScreen.storyboard */; };
		50A36C48298AF59100ACF5CB /* CommentCell.swift in Sources */ = {isa = PBXBuildFile; fileRef = 50A36C47298AF59100ACF5CB /* CommentCell.swift */; };
		50A36C4A298AF78F00ACF5CB /* Comment.swift in Sources */ = {isa = PBXBuildFile; fileRef = 50A36C49298AF78F00ACF5CB /* Comment.swift */; };
/* End PBXBuildFile section */

/* Begin PBXFileReference section */
		500B154B298D6FF600DCB595 /* NetworkService.swift */ = {isa = PBXFileReference; lastKnownFileType = sourcecode.swift; path = NetworkService.swift; sourceTree = "<group>"; };
		500B154E298D7C1C00DCB595 /* CommentNetworkServices.swift */ = {isa = PBXFileReference; lastKnownFileType = sourcecode.swift; path = CommentNetworkServices.swift; sourceTree = "<group>"; };
		500B1550298D7D7300DCB595 /* GetCommentResponse.swift */ = {isa = PBXFileReference; lastKnownFileType = sourcecode.swift; path = GetCommentResponse.swift; sourceTree = "<group>"; };
		50A36C27298A9D2100ACF5CB /* MVC-N.app */ = {isa = PBXFileReference; explicitFileType = wrapper.application; includeInIndex = 0; path = "MVC-N.app"; sourceTree = BUILT_PRODUCTS_DIR; };
		50A36C2A298A9D2100ACF5CB /* AppDelegate.swift */ = {isa = PBXFileReference; lastKnownFileType = sourcecode.swift; path = AppDelegate.swift; sourceTree = "<group>"; };
		50A36C2C298A9D2100ACF5CB /* SceneDelegate.swift */ = {isa = PBXFileReference; lastKnownFileType = sourcecode.swift; path = SceneDelegate.swift; sourceTree = "<group>"; };
		50A36C2E298A9D2100ACF5CB /* CommentsViewController.swift */ = {isa = PBXFileReference; lastKnownFileType = sourcecode.swift; path = CommentsViewController.swift; sourceTree = "<group>"; };
		50A36C31298A9D2100ACF5CB /* Base */ = {isa = PBXFileReference; lastKnownFileType = file.storyboard; name = Base; path = Base.lproj/Comments.storyboard; sourceTree = "<group>"; };
		50A36C33298A9D2300ACF5CB /* Assets.xcassets */ = {isa = PBXFileReference; lastKnownFileType = folder.assetcatalog; path = Assets.xcassets; sourceTree = "<group>"; };
		50A36C36298A9D2300ACF5CB /* Base */ = {isa = PBXFileReference; lastKnownFileType = file.storyboard; name = Base; path = Base.lproj/LaunchScreen.storyboard; sourceTree = "<group>"; };
		50A36C38298A9D2300ACF5CB /* Info.plist */ = {isa = PBXFileReference; lastKnownFileType = text.plist.xml; path = Info.plist; sourceTree = "<group>"; };
		50A36C47298AF59100ACF5CB /* CommentCell.swift */ = {isa = PBXFileReference; lastKnownFileType = sourcecode.swift; path = CommentCell.swift; sourceTree = "<group>"; };
		50A36C49298AF78F00ACF5CB /* Comment.swift */ = {isa = PBXFileReference; lastKnownFileType = sourcecode.swift; path = Comment.swift; sourceTree = "<group>"; };
/* End PBXFileReference section */

/* Begin PBXFrameworksBuildPhase section */
		50A36C24298A9D2100ACF5CB /* Frameworks */ = {
			isa = PBXFrameworksBuildPhase;
			buildActionMask = 2147483647;
			files = (
			);
			runOnlyForDeploymentPostprocessing = 0;
		};
/* End PBXFrameworksBuildPhase section */

/* Begin PBXGroup section */
		500B154A298D6FC500DCB595 /* NetworkService */ = {
			isa = PBXGroup;
			children = (
				500B154B298D6FF600DCB595 /* NetworkService.swift */,
			);
			path = NetworkService;
			sourceTree = "<group>";
		};
		500B154D298D776B00DCB595 /* CommentNetworkService */ = {
			isa = PBXGroup;
			children = (
				500B154E298D7C1C00DCB595 /* CommentNetworkServices.swift */,
			);
			path = CommentNetworkService;
			sourceTree = "<group>";
		};
		50A36C1E298A9D2000ACF5CB = {
			isa = PBXGroup;
			children = (
				50A36C29298A9D2100ACF5CB /* MVC-N */,
				50A36C28298A9D2100ACF5CB /* Products */,
			);
			sourceTree = "<group>";
		};
		50A36C28298A9D2100ACF5CB /* Products */ = {
			isa = PBXGroup;
			children = (
				50A36C27298A9D2100ACF5CB /* MVC-N.app */,
			);
			name = Products;
			sourceTree = "<group>";
		};
		50A36C29298A9D2100ACF5CB /* MVC-N */ = {
			isa = PBXGroup;
			children = (
				50A36C41298A9D7400ACF5CB /* Application */,
				50A36C42298A9DFE00ACF5CB /* Comments */,
				50A36C46298A9E9F00ACF5CB /* Supporting files */,
			);
			path = "MVC-N";
			sourceTree = "<group>";
		};
		50A36C3E298A9D3F00ACF5CB /* Model */ = {
			isa = PBXGroup;
			children = (
			);
			path = Model;
			sourceTree = "<group>";
		};
		50A36C3F298A9D4A00ACF5CB /* View */ = {
			isa = PBXGroup;
			children = (
				50A36C35298A9D2300ACF5CB /* LaunchScreen.storyboard */,
			);
			path = View;
			sourceTree = "<group>";
		};
		50A36C40298A9D5700ACF5CB /* Controller */ = {
			isa = PBXGroup;
			children = (
				50A36C2A298A9D2100ACF5CB /* AppDelegate.swift */,
				50A36C2C298A9D2100ACF5CB /* SceneDelegate.swift */,
			);
			path = Controller;
			sourceTree = "<group>";
		};
		50A36C41298A9D7400ACF5CB /* Application */ = {
			isa = PBXGroup;
			children = (
				50A36C3E298A9D3F00ACF5CB /* Model */,
				50A36C3F298A9D4A00ACF5CB /* View */,
				50A36C40298A9D5700ACF5CB /* Controller */,
				500B154A298D6FC500DCB595 /* NetworkService */,
			);
			path = Application;
			sourceTree = "<group>";
		};
		50A36C42298A9DFE00ACF5CB /* Comments */ = {
			isa = PBXGroup;
			children = (
				50A36C45298A9E2F00ACF5CB /* Model */,
				50A36C44298A9E2800ACF5CB /* View */,
				50A36C43298A9E1E00ACF5CB /* Controller */,
				500B154D298D776B00DCB595 /* CommentNetworkService */,
			);
			path = Comments;
			sourceTree = "<group>";
		};
		50A36C43298A9E1E00ACF5CB /* Controller */ = {
			isa = PBXGroup;
			children = (
				50A36C2E298A9D2100ACF5CB /* CommentsViewController.swift */,
			);
			path = Controller;
			sourceTree = "<group>";
		};
		50A36C44298A9E2800ACF5CB /* View */ = {
			isa = PBXGroup;
			children = (
				50A36C30298A9D2100ACF5CB /* Comments.storyboard */,
				50A36C47298AF59100ACF5CB /* CommentCell.swift */,
			);
			path = View;
			sourceTree = "<group>";
		};
		50A36C45298A9E2F00ACF5CB /* Model */ = {
			isa = PBXGroup;
			children = (
				50A36C49298AF78F00ACF5CB /* Comment.swift */,
				500B1550298D7D7300DCB595 /* GetCommentResponse.swift */,
			);
			path = Model;
			sourceTree = "<group>";
		};
		50A36C46298A9E9F00ACF5CB /* Supporting files */ = {
			isa = PBXGroup;
			children = (
				50A36C33298A9D2300ACF5CB /* Assets.xcassets */,
				50A36C38298A9D2300ACF5CB /* Info.plist */,
			);
			path = "Supporting files";
			sourceTree = "<group>";
		};
/* End PBXGroup section */

/* Begin PBXNativeTarget section */
		50A36C26298A9D2100ACF5CB /* MVC-N */ = {
			isa = PBXNativeTarget;
			buildConfigurationList = 50A36C3B298A9D2300ACF5CB /* Build configuration list for PBXNativeTarget "MVC-N" */;
			buildPhases = (
				50A36C23298A9D2100ACF5CB /* Sources */,
				50A36C24298A9D2100ACF5CB /* Frameworks */,
				50A36C25298A9D2100ACF5CB /* Resources */,
			);
			buildRules = (
			);
			dependencies = (
			);
			name = "MVC-N";
			productName = "MVC-N";
			productReference = 50A36C27298A9D2100ACF5CB /* MVC-N.app */;
			productType = "com.apple.product-type.application";
		};
/* End PBXNativeTarget section */

/* Begin PBXProject section */
		50A36C1F298A9D2000ACF5CB /* Project object */ = {
			isa = PBXProject;
			attributes = {
				BuildIndependentTargetsInParallel = 1;
				LastSwiftUpdateCheck = 1400;
				LastUpgradeCheck = 1400;
				TargetAttributes = {
					50A36C26298A9D2100ACF5CB = {
						CreatedOnToolsVersion = 14.0.1;
					};
				};
			};
			buildConfigurationList = 50A36C22298A9D2000ACF5CB /* Build configuration list for PBXProject "MVC-N" */;
			compatibilityVersion = "Xcode 14.0";
			developmentRegion = en;
			hasScannedForEncodings = 0;
			knownRegions = (
				en,
				Base,
			);
			mainGroup = 50A36C1E298A9D2000ACF5CB;
			productRefGroup = 50A36C28298A9D2100ACF5CB /* Products */;
			projectDirPath = "";
			projectRoot = "";
			targets = (
				50A36C26298A9D2100ACF5CB /* MVC-N */,
			);
		};
/* End PBXProject section */

/* Begin PBXResourcesBuildPhase section */
		50A36C25298A9D2100ACF5CB /* Resources */ = {
			isa = PBXResourcesBuildPhase;
			buildActionMask = 2147483647;
			files = (
				50A36C37298A9D2300ACF5CB /* LaunchScreen.storyboard in Resources */,
				50A36C34298A9D2300ACF5CB /* Assets.xcassets in Resources */,
				50A36C32298A9D2100ACF5CB /* Comments.storyboard in Resources */,
			);
			runOnlyForDeploymentPostprocessing = 0;
		};
/* End PBXResourcesBuildPhase section */

/* Begin PBXSourcesBuildPhase section */
		50A36C23298A9D2100ACF5CB /* Sources */ = {
			isa = PBXSourcesBuildPhase;
			buildActionMask = 2147483647;
			files = (
				500B154F298D7C1C00DCB595 /* CommentNetworkServices.swift in Sources */,
				50A36C4A298AF78F00ACF5CB /* Comment.swift in Sources */,
				50A36C2F298A9D2100ACF5CB /* CommentsViewController.swift in Sources */,
				50A36C2B298A9D2100ACF5CB /* AppDelegate.swift in Sources */,
				50A36C2D298A9D2100ACF5CB /* SceneDelegate.swift in Sources */,
				500B1551298D7D7300DCB595 /* GetCommentResponse.swift in Sources */,
				500B154C298D6FF600DCB595 /* NetworkService.swift in Sources */,
				50A36C48298AF59100ACF5CB /* CommentCell.swift in Sources */,
			);
			runOnlyForDeploymentPostprocessing = 0;
		};
/* End PBXSourcesBuildPhase section */

/* Begin PBXVariantGroup section */
		50A36C30298A9D2100ACF5CB /* Comments.storyboard */ = {
			isa = PBXVariantGroup;
			children = (
				50A36C31298A9D2100ACF5CB /* Base */,
			);
			name = Comments.storyboard;
			sourceTree = "<group>";
		};
		50A36C35298A9D2300ACF5CB /* LaunchScreen.storyboard */ = {
			isa = PBXVariantGroup;
			children = (
				50A36C36298A9D2300ACF5CB /* Base */,
			);
			name = LaunchScreen.storyboard;
			sourceTree = "<group>";
		};
/* End PBXVariantGroup section */

/* Begin XCBuildConfiguration section */
		50A36C39298A9D2300ACF5CB /* Debug */ = {
			isa = XCBuildConfiguration;
			buildSettings = {
				ALWAYS_SEARCH_USER_PATHS = NO;
				CLANG_ANALYZER_NONNULL = YES;
				CLANG_ANALYZER_NUMBER_OBJECT_CONVERSION = YES_AGGRESSIVE;
				CLANG_CXX_LANGUAGE_STANDARD = "gnu++20";
				CLANG_ENABLE_MODULES = YES;
				CLANG_ENABLE_OBJC_ARC = YES;
				CLANG_ENABLE_OBJC_WEAK = YES;
				CLANG_WARN_BLOCK_CAPTURE_AUTORELEASING = YES;
				CLANG_WARN_BOOL_CONVERSION = YES;
				CLANG_WARN_COMMA = YES;
				CLANG_WARN_CONSTANT_CONVERSION = YES;
				CLANG_WARN_DEPRECATED_OBJC_IMPLEMENTATIONS = YES;
				CLANG_WARN_DIRECT_OBJC_ISA_USAGE = YES_ERROR;
				CLANG_WARN_DOCUMENTATION_COMMENTS = YES;
				CLANG_WARN_EMPTY_BODY = YES;
				CLANG_WARN_ENUM_CONVERSION = YES;
				CLANG_WARN_INFINITE_RECURSION = YES;
				CLANG_WARN_INT_CONVERSION = YES;
				CLANG_WARN_NON_LITERAL_NULL_CONVERSION = YES;
				CLANG_WARN_OBJC_IMPLICIT_RETAIN_SELF = YES;
				CLANG_WARN_OBJC_LITERAL_CONVERSION = YES;
				CLANG_WARN_OBJC_ROOT_CLASS = YES_ERROR;
				CLANG_WARN_QUOTED_INCLUDE_IN_FRAMEWORK_HEADER = YES;
				CLANG_WARN_RANGE_LOOP_ANALYSIS = YES;
				CLANG_WARN_STRICT_PROTOTYPES = YES;
				CLANG_WARN_SUSPICIOUS_MOVE = YES;
				CLANG_WARN_UNGUARDED_AVAILABILITY = YES_AGGRESSIVE;
				CLANG_WARN_UNREACHABLE_CODE = YES;
				CLANG_WARN__DUPLICATE_METHOD_MATCH = YES;
				COPY_PHASE_STRIP = NO;
				DEBUG_INFORMATION_FORMAT = dwarf;
				ENABLE_STRICT_OBJC_MSGSEND = YES;
				ENABLE_TESTABILITY = YES;
				GCC_C_LANGUAGE_STANDARD = gnu11;
				GCC_DYNAMIC_NO_PIC = NO;
				GCC_NO_COMMON_BLOCKS = YES;
				GCC_OPTIMIZATION_LEVEL = 0;
				GCC_PREPROCESSOR_DEFINITIONS = (
					"DEBUG=1",
					"$(inherited)",
				);
				GCC_WARN_64_TO_32_BIT_CONVERSION = YES;
				GCC_WARN_ABOUT_RETURN_TYPE = YES_ERROR;
				GCC_WARN_UNDECLARED_SELECTOR = YES;
				GCC_WARN_UNINITIALIZED_AUTOS = YES_AGGRESSIVE;
				GCC_WARN_UNUSED_FUNCTION = YES;
				GCC_WARN_UNUSED_VARIABLE = YES;
				IPHONEOS_DEPLOYMENT_TARGET = 16.0;
				MTL_ENABLE_DEBUG_INFO = INCLUDE_SOURCE;
				MTL_FAST_MATH = YES;
				ONLY_ACTIVE_ARCH = YES;
				SDKROOT = iphoneos;
				SWIFT_ACTIVE_COMPILATION_CONDITIONS = DEBUG;
				SWIFT_OPTIMIZATION_LEVEL = "-Onone";
			};
			name = Debug;
		};
		50A36C3A298A9D2300ACF5CB /* Release */ = {
			isa = XCBuildConfiguration;
			buildSettings = {
				ALWAYS_SEARCH_USER_PATHS = NO;
				CLANG_ANALYZER_NONNULL = YES;
				CLANG_ANALYZER_NUMBER_OBJECT_CONVERSION = YES_AGGRESSIVE;
				CLANG_CXX_LANGUAGE_STANDARD = "gnu++20";
				CLANG_ENABLE_MODULES = YES;
				CLANG_ENABLE_OBJC_ARC = YES;
				CLANG_ENABLE_OBJC_WEAK = YES;
				CLANG_WARN_BLOCK_CAPTURE_AUTORELEASING = YES;
				CLANG_WARN_BOOL_CONVERSION = YES;
				CLANG_WARN_COMMA = YES;
				CLANG_WARN_CONSTANT_CONVERSION = YES;
				CLANG_WARN_DEPRECATED_OBJC_IMPLEMENTATIONS = YES;
				CLANG_WARN_DIRECT_OBJC_ISA_USAGE = YES_ERROR;
				CLANG_WARN_DOCUMENTATION_COMMENTS = YES;
				CLANG_WARN_EMPTY_BODY = YES;
				CLANG_WARN_ENUM_CONVERSION = YES;
				CLANG_WARN_INFINITE_RECURSION = YES;
				CLANG_WARN_INT_CONVERSION = YES;
				CLANG_WARN_NON_LITERAL_NULL_CONVERSION = YES;
				CLANG_WARN_OBJC_IMPLICIT_RETAIN_SELF = YES;
				CLANG_WARN_OBJC_LITERAL_CONVERSION = YES;
				CLANG_WARN_OBJC_ROOT_CLASS = YES_ERROR;
				CLANG_WARN_QUOTED_INCLUDE_IN_FRAMEWORK_HEADER = YES;
				CLANG_WARN_RANGE_LOOP_ANALYSIS = YES;
				CLANG_WARN_STRICT_PROTOTYPES = YES;
				CLANG_WARN_SUSPICIOUS_MOVE = YES;
				CLANG_WARN_UNGUARDED_AVAILABILITY = YES_AGGRESSIVE;
				CLANG_WARN_UNREACHABLE_CODE = YES;
				CLANG_WARN__DUPLICATE_METHOD_MATCH = YES;
				COPY_PHASE_STRIP = NO;
				DEBUG_INFORMATION_FORMAT = "dwarf-with-dsym";
				ENABLE_NS_ASSERTIONS = NO;
				ENABLE_STRICT_OBJC_MSGSEND = YES;
				GCC_C_LANGUAGE_STANDARD = gnu11;
				GCC_NO_COMMON_BLOCKS = YES;
				GCC_WARN_64_TO_32_BIT_CONVERSION = YES;
				GCC_WARN_ABOUT_RETURN_TYPE = YES_ERROR;
				GCC_WARN_UNDECLARED_SELECTOR = YES;
				GCC_WARN_UNINITIALIZED_AUTOS = YES_AGGRESSIVE;
				GCC_WARN_UNUSED_FUNCTION = YES;
				GCC_WARN_UNUSED_VARIABLE = YES;
				IPHONEOS_DEPLOYMENT_TARGET = 16.0;
				MTL_ENABLE_DEBUG_INFO = NO;
				MTL_FAST_MATH = YES;
				SDKROOT = iphoneos;
				SWIFT_COMPILATION_MODE = wholemodule;
				SWIFT_OPTIMIZATION_LEVEL = "-O";
				VALIDATE_PRODUCT = YES;
			};
			name = Release;
		};
		50A36C3C298A9D2300ACF5CB /* Debug */ = {
			isa = XCBuildConfiguration;
			buildSettings = {
				ASSETCATALOG_COMPILER_APPICON_NAME = AppIcon;
				ASSETCATALOG_COMPILER_GLOBAL_ACCENT_COLOR_NAME = AccentColor;
				CODE_SIGN_STYLE = Automatic;
				CURRENT_PROJECT_VERSION = 1;
				DEVELOPMENT_TEAM = 473W7TVS7V;
				GENERATE_INFOPLIST_FILE = YES;
				INFOPLIST_FILE = "MVC-N/Supporting files/Info.plist";
				INFOPLIST_KEY_UIApplicationSupportsIndirectInputEvents = YES;
				INFOPLIST_KEY_UILaunchStoryboardName = LaunchScreen;
				INFOPLIST_KEY_UIMainStoryboardFile = Comments;
				INFOPLIST_KEY_UISupportedInterfaceOrientations_iPad = "UIInterfaceOrientationPortrait UIInterfaceOrientationPortraitUpsideDown UIInterfaceOrientationLandscapeLeft UIInterfaceOrientationLandscapeRight";
				INFOPLIST_KEY_UISupportedInterfaceOrientations_iPhone = "UIInterfaceOrientationPortrait UIInterfaceOrientationLandscapeLeft UIInterfaceOrientationLandscapeRight";
				LD_RUNPATH_SEARCH_PATHS = (
					"$(inherited)",
					"@executable_path/Frameworks",
				);
				MARKETING_VERSION = 1.0;
				PRODUCT_BUNDLE_IDENTIFIER = "Max.MVC-N";
				PRODUCT_NAME = "$(TARGET_NAME)";
				SWIFT_EMIT_LOC_STRINGS = YES;
				SWIFT_VERSION = 5.0;
				TARGETED_DEVICE_FAMILY = "1,2";
			};
			name = Debug;
		};
		50A36C3D298A9D2300ACF5CB /* Release */ = {
			isa = XCBuildConfiguration;
			buildSettings = {
				ASSETCATALOG_COMPILER_APPICON_NAME = AppIcon;
				ASSETCATALOG_COMPILER_GLOBAL_ACCENT_COLOR_NAME = AccentColor;
				CODE_SIGN_STYLE = Automatic;
				CURRENT_PROJECT_VERSION = 1;
				DEVELOPMENT_TEAM = 473W7TVS7V;
				GENERATE_INFOPLIST_FILE = YES;
				INFOPLIST_FILE = "MVC-N/Supporting files/Info.plist";
				INFOPLIST_KEY_UIApplicationSupportsIndirectInputEvents = YES;
				INFOPLIST_KEY_UILaunchStoryboardName = LaunchScreen;
				INFOPLIST_KEY_UIMainStoryboardFile = Comments;
				INFOPLIST_KEY_UISupportedInterfaceOrientations_iPad = "UIInterfaceOrientationPortrait UIInterfaceOrientationPortraitUpsideDown UIInterfaceOrientationLandscapeLeft UIInterfaceOrientationLandscapeRight";
				INFOPLIST_KEY_UISupportedInterfaceOrientations_iPhone = "UIInterfaceOrientationPortrait UIInterfaceOrientationLandscapeLeft UIInterfaceOrientationLandscapeRight";
				LD_RUNPATH_SEARCH_PATHS = (
					"$(inherited)",
					"@executable_path/Frameworks",
				);
				MARKETING_VERSION = 1.0;
				PRODUCT_BUNDLE_IDENTIFIER = "Max.MVC-N";
				PRODUCT_NAME = "$(TARGET_NAME)";
				SWIFT_EMIT_LOC_STRINGS = YES;
				SWIFT_VERSION = 5.0;
				TARGETED_DEVICE_FAMILY = "1,2";
			};
			name = Release;
		};
/* End XCBuildConfiguration section */

/* Begin XCConfigurationList section */
		50A36C22298A9D2000ACF5CB /* Build configuration list for PBXProject "MVC-N" */ = {
			isa = XCConfigurationList;
			buildConfigurations = (
				50A36C39298A9D2300ACF5CB /* Debug */,
				50A36C3A298A9D2300ACF5CB /* Release */,
			);
			defaultConfigurationIsVisible = 0;
			defaultConfigurationName = Release;
		};
		50A36C3B298A9D2300ACF5CB /* Build configuration list for PBXNativeTarget "MVC-N" */ = {
			isa = XCConfigurationList;
			buildConfigurations = (
				50A36C3C298A9D2300ACF5CB /* Debug */,
				50A36C3D298A9D2300ACF5CB /* Release */,
			);
			defaultConfigurationIsVisible = 0;
			defaultConfigurationName = Release;
		};
/* End XCConfigurationList section */
	};
	rootObject = 50A36C1F298A9D2000ACF5CB /* Project object */;
}
